// !$*UTF8*$!
{
	archiveVersion = 1;
	classes = {
	};
	objectVersion = 55;
	objects = {

/* Begin PBXBuildFile section */
		77160466286E634600B70BD5 /* CoreDataContextProvider.swift in Sources */ = {isa = PBXBuildFile; fileRef = 77160465286E634600B70BD5 /* CoreDataContextProvider.swift */; };
		77160469286E67DA00B70BD5 /* Favorite+CoreDataClass.swift in Sources */ = {isa = PBXBuildFile; fileRef = 77160467286E67DA00B70BD5 /* Favorite+CoreDataClass.swift */; };
		7716046A286E67DA00B70BD5 /* Favorite+CoreDataProperties.swift in Sources */ = {isa = PBXBuildFile; fileRef = 77160468286E67DA00B70BD5 /* Favorite+CoreDataProperties.swift */; };
		7716046D286F200400B70BD5 /* UnitConverter.swift in Sources */ = {isa = PBXBuildFile; fileRef = 7716046C286F200400B70BD5 /* UnitConverter.swift */; };
		77160471286F28B900B70BD5 /* Localizable.strings in Resources */ = {isa = PBXBuildFile; fileRef = 77160473286F28B900B70BD5 /* Localizable.strings */; };
		77160476286F290F00B70BD5 /* StringExtension.swift in Sources */ = {isa = PBXBuildFile; fileRef = 77160475286F290F00B70BD5 /* StringExtension.swift */; };
		77160478286FA53E00B70BD5 /* IconMaganger.swift in Sources */ = {isa = PBXBuildFile; fileRef = 77160477286FA53E00B70BD5 /* IconMaganger.swift */; };
		7716047F286FB4C600B70BD5 /* Interface.storyboard in Resources */ = {isa = PBXBuildFile; fileRef = 7716047D286FB4C600B70BD5 /* Interface.storyboard */; };
		77160481286FB4C800B70BD5 /* Assets.xcassets in Resources */ = {isa = PBXBuildFile; fileRef = 77160480286FB4C800B70BD5 /* Assets.xcassets */; };
		77160487286FB4C800B70BD5 /* MyWeatherWatch WatchKit Extension.appex in Embed App Extensions */ = {isa = PBXBuildFile; fileRef = 77160486286FB4C800B70BD5 /* MyWeatherWatch WatchKit Extension.appex */; settings = {ATTRIBUTES = (RemoveHeadersOnCopy, ); }; };
		7716048C286FB4C800B70BD5 /* InterfaceController.swift in Sources */ = {isa = PBXBuildFile; fileRef = 7716048B286FB4C800B70BD5 /* InterfaceController.swift */; };
		7716048E286FB4C800B70BD5 /* ExtensionDelegate.swift in Sources */ = {isa = PBXBuildFile; fileRef = 7716048D286FB4C800B70BD5 /* ExtensionDelegate.swift */; };
		77160490286FB4C800B70BD5 /* NotificationController.swift in Sources */ = {isa = PBXBuildFile; fileRef = 7716048F286FB4C800B70BD5 /* NotificationController.swift */; };
		77160492286FB4C800B70BD5 /* ComplicationController.swift in Sources */ = {isa = PBXBuildFile; fileRef = 77160491286FB4C800B70BD5 /* ComplicationController.swift */; };
		77160494286FB4C900B70BD5 /* Assets.xcassets in Resources */ = {isa = PBXBuildFile; fileRef = 77160493286FB4C900B70BD5 /* Assets.xcassets */; };
		771604A0286FB4C900B70BD5 /* MyWeatherWatchTests.swift in Sources */ = {isa = PBXBuildFile; fileRef = 7716049F286FB4C900B70BD5 /* MyWeatherWatchTests.swift */; };
		771604AA286FB4C900B70BD5 /* MyWeatherWatchUITests.swift in Sources */ = {isa = PBXBuildFile; fileRef = 771604A9286FB4C900B70BD5 /* MyWeatherWatchUITests.swift */; };
		771604AC286FB4C900B70BD5 /* MyWeatherWatchUITestsLaunchTests.swift in Sources */ = {isa = PBXBuildFile; fileRef = 771604AB286FB4C900B70BD5 /* MyWeatherWatchUITestsLaunchTests.swift */; };
		771604AF286FB4C900B70BD5 /* MyWeatherWatch.app in Embed Watch Content */ = {isa = PBXBuildFile; fileRef = 7716047B286FB4C600B70BD5 /* MyWeatherWatch.app */; settings = {ATTRIBUTES = (RemoveHeadersOnCopy, ); }; };
		771604C52870E6C300B70BD5 /* WidgetKit.framework in Frameworks */ = {isa = PBXBuildFile; fileRef = 771604C42870E6C300B70BD5 /* WidgetKit.framework */; };
		771604C72870E6C300B70BD5 /* SwiftUI.framework in Frameworks */ = {isa = PBXBuildFile; fileRef = 771604C62870E6C300B70BD5 /* SwiftUI.framework */; };
		771604CA2870E6C300B70BD5 /* MyWeatherWidget.swift in Sources */ = {isa = PBXBuildFile; fileRef = 771604C92870E6C300B70BD5 /* MyWeatherWidget.swift */; };
		771604CD2870E6C500B70BD5 /* Assets.xcassets in Resources */ = {isa = PBXBuildFile; fileRef = 771604CC2870E6C500B70BD5 /* Assets.xcassets */; };
		771604CF2870E6C500B70BD5 /* MyWeatherWidget.intentdefinition in Sources */ = {isa = PBXBuildFile; fileRef = 771604CB2870E6C400B70BD5 /* MyWeatherWidget.intentdefinition */; };
		771604D02870E6C500B70BD5 /* MyWeatherWidget.intentdefinition in Sources */ = {isa = PBXBuildFile; fileRef = 771604CB2870E6C400B70BD5 /* MyWeatherWidget.intentdefinition */; };
		771604D32870E6C500B70BD5 /* MyWeatherWidgetExtension.appex in Embed App Extensions */ = {isa = PBXBuildFile; fileRef = 771604C22870E6C300B70BD5 /* MyWeatherWidgetExtension.appex */; settings = {ATTRIBUTES = (RemoveHeadersOnCopy, ); }; };
		771604DA2870FF4400B70BD5 /* ForecastModel.swift in Sources */ = {isa = PBXBuildFile; fileRef = 771604D92870FF4400B70BD5 /* ForecastModel.swift */; };
		771604DC2871045B00B70BD5 /* ForecastGroup.swift in Sources */ = {isa = PBXBuildFile; fileRef = 771604DB2871045B00B70BD5 /* ForecastGroup.swift */; };
		771604DE287108F900B70BD5 /* ForecastCollectionViewCell.swift in Sources */ = {isa = PBXBuildFile; fileRef = 771604DD287108F900B70BD5 /* ForecastCollectionViewCell.swift */; };
		771604E12871C74200B70BD5 /* WeatherCVCell.swift in Sources */ = {isa = PBXBuildFile; fileRef = 771604E02871C74200B70BD5 /* WeatherCVCell.swift */; };
		771604E32871C88C00B70BD5 /* RainCVCell.swift in Sources */ = {isa = PBXBuildFile; fileRef = 771604E22871C88C00B70BD5 /* RainCVCell.swift */; };
		771604E52872379600B70BD5 /* WindCVCell.swift in Sources */ = {isa = PBXBuildFile; fileRef = 771604E42872379600B70BD5 /* WindCVCell.swift */; };
		7733750B2867BBF400322055 /* Colors.xcassets in Resources */ = {isa = PBXBuildFile; fileRef = 7733750A2867BBF400322055 /* Colors.xcassets */; };
		7733750E2867BCEA00322055 /* TempLabel.swift in Sources */ = {isa = PBXBuildFile; fileRef = 7733750D2867BCEA00322055 /* TempLabel.swift */; };
		773375102867C0F800322055 /* IconView.swift in Sources */ = {isa = PBXBuildFile; fileRef = 7733750F2867C0F800322055 /* IconView.swift */; };
		773375122868874600322055 /* TemperatureGroup.swift in Sources */ = {isa = PBXBuildFile; fileRef = 773375112868874600322055 /* TemperatureGroup.swift */; };
		773375142868C13D00322055 /* SunGroup.swift in Sources */ = {isa = PBXBuildFile; fileRef = 773375132868C13C00322055 /* SunGroup.swift */; };
		773375162868C83200322055 /* WindGroup.swift in Sources */ = {isa = PBXBuildFile; fileRef = 773375152868C83200322055 /* WindGroup.swift */; };
		773375182868F01000322055 /* RainGroup.swift in Sources */ = {isa = PBXBuildFile; fileRef = 773375172868F01000322055 /* RainGroup.swift */; };
		7733751A2869199600322055 /* OtherInfoGroup.swift in Sources */ = {isa = PBXBuildFile; fileRef = 773375192869199600322055 /* OtherInfoGroup.swift */; };
		7742BFB9286D3EB5008097C6 /* Model.xcdatamodeld in Sources */ = {isa = PBXBuildFile; fileRef = 7742BFB7286D3EB5008097C6 /* Model.xcdatamodeld */; };
		777BC07D2869DDEF0002821A /* SeguementedTableViewCell.swift in Sources */ = {isa = PBXBuildFile; fileRef = 777BC07C2869DDEF0002821A /* SeguementedTableViewCell.swift */; };
		777BC07F2869DEF10002821A /* SettingsTableViewController.swift in Sources */ = {isa = PBXBuildFile; fileRef = 777BC07E2869DEF10002821A /* SettingsTableViewController.swift */; };
		77DEE4F0286778C400DE5CE3 /* AppDelegate.swift in Sources */ = {isa = PBXBuildFile; fileRef = 77DEE4EF286778C400DE5CE3 /* AppDelegate.swift */; };
		77DEE4F4286778C400DE5CE3 /* ViewController.swift in Sources */ = {isa = PBXBuildFile; fileRef = 77DEE4F3286778C400DE5CE3 /* ViewController.swift */; };
		77DEE4F9286778C500DE5CE3 /* Assets.xcassets in Resources */ = {isa = PBXBuildFile; fileRef = 77DEE4F8286778C500DE5CE3 /* Assets.xcassets */; };
		77DEE4FC286778C500DE5CE3 /* LaunchScreen.storyboard in Resources */ = {isa = PBXBuildFile; fileRef = 77DEE4FA286778C500DE5CE3 /* LaunchScreen.storyboard */; };
		77DEE507286778C500DE5CE3 /* MyWeatherTests.swift in Sources */ = {isa = PBXBuildFile; fileRef = 77DEE506286778C500DE5CE3 /* MyWeatherTests.swift */; };
		77DEE511286778C500DE5CE3 /* MyWeatherUITests.swift in Sources */ = {isa = PBXBuildFile; fileRef = 77DEE510286778C500DE5CE3 /* MyWeatherUITests.swift */; };
		77DEE513286778C500DE5CE3 /* MyWeatherUITestsLaunchTests.swift in Sources */ = {isa = PBXBuildFile; fileRef = 77DEE512286778C500DE5CE3 /* MyWeatherUITestsLaunchTests.swift */; };
		77DEE52128677A7100DE5CE3 /* WeatherManager.swift in Sources */ = {isa = PBXBuildFile; fileRef = 77DEE52028677A7100DE5CE3 /* WeatherManager.swift */; };
		77DEE52428677B1100DE5CE3 /* Alamofire in Frameworks */ = {isa = PBXBuildFile; productRef = 77DEE52328677B1100DE5CE3 /* Alamofire */; };
		77DEE5292867959000DE5CE3 /* WeahterModel.swift in Sources */ = {isa = PBXBuildFile; fileRef = 77DEE5282867959000DE5CE3 /* WeahterModel.swift */; };
		77DEE52C2867B2A500DE5CE3 /* TinyConstraints in Frameworks */ = {isa = PBXBuildFile; productRef = 77DEE52B2867B2A500DE5CE3 /* TinyConstraints */; };
		77DEE52E2867B2E700DE5CE3 /* Sketch.storyboard in Resources */ = {isa = PBXBuildFile; fileRef = 77DEE52D2867B2E700DE5CE3 /* Sketch.storyboard */; };
		77F5F5FD286BBD4C00AEB310 /* CityModel.swift in Sources */ = {isa = PBXBuildFile; fileRef = 77F5F5FC286BBD4C00AEB310 /* CityModel.swift */; };
		77F5F601286BC10200AEB310 /* SearchTableViewController.swift in Sources */ = {isa = PBXBuildFile; fileRef = 77F5F600286BC10200AEB310 /* SearchTableViewController.swift */; };
		77F5F603286BC29700AEB310 /* SearchResultTableViewController.swift in Sources */ = {isa = PBXBuildFile; fileRef = 77F5F602286BC29700AEB310 /* SearchResultTableViewController.swift */; };
/* End PBXBuildFile section */

/* Begin PBXContainerItemProxy section */
		77160488286FB4C800B70BD5 /* PBXContainerItemProxy */ = {
			isa = PBXContainerItemProxy;
			containerPortal = 77DEE4E4286778C400DE5CE3 /* Project object */;
			proxyType = 1;
			remoteGlobalIDString = 77160485286FB4C800B70BD5;
			remoteInfo = "MyWeatherWatch WatchKit Extension";
		};
		7716049C286FB4C900B70BD5 /* PBXContainerItemProxy */ = {
			isa = PBXContainerItemProxy;
			containerPortal = 77DEE4E4286778C400DE5CE3 /* Project object */;
			proxyType = 1;
			remoteGlobalIDString = 77160485286FB4C800B70BD5;
			remoteInfo = "MyWeatherWatch WatchKit Extension";
		};
		771604A6286FB4C900B70BD5 /* PBXContainerItemProxy */ = {
			isa = PBXContainerItemProxy;
			containerPortal = 77DEE4E4286778C400DE5CE3 /* Project object */;
			proxyType = 1;
			remoteGlobalIDString = 7716047A286FB4C600B70BD5;
			remoteInfo = MyWeatherWatch;
		};
		771604AD286FB4C900B70BD5 /* PBXContainerItemProxy */ = {
			isa = PBXContainerItemProxy;
			containerPortal = 77DEE4E4286778C400DE5CE3 /* Project object */;
			proxyType = 1;
			remoteGlobalIDString = 7716047A286FB4C600B70BD5;
			remoteInfo = MyWeatherWatch;
		};
		771604D12870E6C500B70BD5 /* PBXContainerItemProxy */ = {
			isa = PBXContainerItemProxy;
			containerPortal = 77DEE4E4286778C400DE5CE3 /* Project object */;
			proxyType = 1;
			remoteGlobalIDString = 771604C12870E6C300B70BD5;
			remoteInfo = MyWeatherWidgetExtension;
		};
		77DEE503286778C500DE5CE3 /* PBXContainerItemProxy */ = {
			isa = PBXContainerItemProxy;
			containerPortal = 77DEE4E4286778C400DE5CE3 /* Project object */;
			proxyType = 1;
			remoteGlobalIDString = 77DEE4EB286778C400DE5CE3;
			remoteInfo = MyWeather;
		};
		77DEE50D286778C500DE5CE3 /* PBXContainerItemProxy */ = {
			isa = PBXContainerItemProxy;
			containerPortal = 77DEE4E4286778C400DE5CE3 /* Project object */;
			proxyType = 1;
			remoteGlobalIDString = 77DEE4EB286778C400DE5CE3;
			remoteInfo = MyWeather;
		};
/* End PBXContainerItemProxy section */

/* Begin PBXCopyFilesBuildPhase section */
		771604B3286FB4C900B70BD5 /* Embed App Extensions */ = {
			isa = PBXCopyFilesBuildPhase;
			buildActionMask = 2147483647;
			dstPath = "";
			dstSubfolderSpec = 13;
			files = (
				77160487286FB4C800B70BD5 /* MyWeatherWatch WatchKit Extension.appex in Embed App Extensions */,
			);
			name = "Embed App Extensions";
			runOnlyForDeploymentPostprocessing = 0;
		};
		771604B7286FB4C900B70BD5 /* Embed Watch Content */ = {
			isa = PBXCopyFilesBuildPhase;
			buildActionMask = 2147483647;
			dstPath = "$(CONTENTS_FOLDER_PATH)/Watch";
			dstSubfolderSpec = 16;
			files = (
				771604AF286FB4C900B70BD5 /* MyWeatherWatch.app in Embed Watch Content */,
			);
			name = "Embed Watch Content";
			runOnlyForDeploymentPostprocessing = 0;
		};
		771604D72870E6C500B70BD5 /* Embed App Extensions */ = {
			isa = PBXCopyFilesBuildPhase;
			buildActionMask = 2147483647;
			dstPath = "";
			dstSubfolderSpec = 13;
			files = (
				771604D32870E6C500B70BD5 /* MyWeatherWidgetExtension.appex in Embed App Extensions */,
			);
			name = "Embed App Extensions";
			runOnlyForDeploymentPostprocessing = 0;
		};
/* End PBXCopyFilesBuildPhase section */

/* Begin PBXFileReference section */
		77160465286E634600B70BD5 /* CoreDataContextProvider.swift */ = {isa = PBXFileReference; lastKnownFileType = sourcecode.swift; path = CoreDataContextProvider.swift; sourceTree = "<group>"; };
		77160467286E67DA00B70BD5 /* Favorite+CoreDataClass.swift */ = {isa = PBXFileReference; lastKnownFileType = sourcecode.swift; path = "Favorite+CoreDataClass.swift"; sourceTree = "<group>"; };
		77160468286E67DA00B70BD5 /* Favorite+CoreDataProperties.swift */ = {isa = PBXFileReference; lastKnownFileType = sourcecode.swift; path = "Favorite+CoreDataProperties.swift"; sourceTree = "<group>"; };
		7716046C286F200400B70BD5 /* UnitConverter.swift */ = {isa = PBXFileReference; lastKnownFileType = sourcecode.swift; path = UnitConverter.swift; sourceTree = "<group>"; };
		7716046E286F287100B70BD5 /* fr */ = {isa = PBXFileReference; lastKnownFileType = text.plist.strings; name = fr; path = fr.lproj/LaunchScreen.strings; sourceTree = "<group>"; };
		77160472286F28B900B70BD5 /* en */ = {isa = PBXFileReference; lastKnownFileType = text.plist.strings; name = en; path = en.lproj/Localizable.strings; sourceTree = "<group>"; };
		77160474286F28BC00B70BD5 /* fr */ = {isa = PBXFileReference; lastKnownFileType = text.plist.strings; name = fr; path = fr.lproj/Localizable.strings; sourceTree = "<group>"; };
		77160475286F290F00B70BD5 /* StringExtension.swift */ = {isa = PBXFileReference; lastKnownFileType = sourcecode.swift; path = StringExtension.swift; sourceTree = "<group>"; };
		77160477286FA53E00B70BD5 /* IconMaganger.swift */ = {isa = PBXFileReference; lastKnownFileType = sourcecode.swift; path = IconMaganger.swift; sourceTree = "<group>"; };
		7716047B286FB4C600B70BD5 /* MyWeatherWatch.app */ = {isa = PBXFileReference; explicitFileType = wrapper.application; includeInIndex = 0; path = MyWeatherWatch.app; sourceTree = BUILT_PRODUCTS_DIR; };
		7716047E286FB4C600B70BD5 /* Base */ = {isa = PBXFileReference; lastKnownFileType = file.storyboard; name = Base; path = Base.lproj/Interface.storyboard; sourceTree = "<group>"; };
		77160480286FB4C800B70BD5 /* Assets.xcassets */ = {isa = PBXFileReference; lastKnownFileType = folder.assetcatalog; path = Assets.xcassets; sourceTree = "<group>"; };
		77160486286FB4C800B70BD5 /* MyWeatherWatch WatchKit Extension.appex */ = {isa = PBXFileReference; explicitFileType = "wrapper.app-extension"; includeInIndex = 0; path = "MyWeatherWatch WatchKit Extension.appex"; sourceTree = BUILT_PRODUCTS_DIR; };
		7716048B286FB4C800B70BD5 /* InterfaceController.swift */ = {isa = PBXFileReference; lastKnownFileType = sourcecode.swift; path = InterfaceController.swift; sourceTree = "<group>"; };
		7716048D286FB4C800B70BD5 /* ExtensionDelegate.swift */ = {isa = PBXFileReference; lastKnownFileType = sourcecode.swift; path = ExtensionDelegate.swift; sourceTree = "<group>"; };
		7716048F286FB4C800B70BD5 /* NotificationController.swift */ = {isa = PBXFileReference; lastKnownFileType = sourcecode.swift; path = NotificationController.swift; sourceTree = "<group>"; };
		77160491286FB4C800B70BD5 /* ComplicationController.swift */ = {isa = PBXFileReference; lastKnownFileType = sourcecode.swift; path = ComplicationController.swift; sourceTree = "<group>"; };
		77160493286FB4C900B70BD5 /* Assets.xcassets */ = {isa = PBXFileReference; lastKnownFileType = folder.assetcatalog; path = Assets.xcassets; sourceTree = "<group>"; };
		77160495286FB4C900B70BD5 /* Info.plist */ = {isa = PBXFileReference; lastKnownFileType = text.plist.xml; path = Info.plist; sourceTree = "<group>"; };
		77160496286FB4C900B70BD5 /* PushNotificationPayload.apns */ = {isa = PBXFileReference; lastKnownFileType = text; path = PushNotificationPayload.apns; sourceTree = "<group>"; };
		7716049B286FB4C900B70BD5 /* MyWeatherWatchTests.xctest */ = {isa = PBXFileReference; explicitFileType = wrapper.cfbundle; includeInIndex = 0; path = MyWeatherWatchTests.xctest; sourceTree = BUILT_PRODUCTS_DIR; };
		7716049F286FB4C900B70BD5 /* MyWeatherWatchTests.swift */ = {isa = PBXFileReference; lastKnownFileType = sourcecode.swift; path = MyWeatherWatchTests.swift; sourceTree = "<group>"; };
		771604A5286FB4C900B70BD5 /* MyWeatherWatchUITests.xctest */ = {isa = PBXFileReference; explicitFileType = wrapper.cfbundle; includeInIndex = 0; path = MyWeatherWatchUITests.xctest; sourceTree = BUILT_PRODUCTS_DIR; };
		771604A9286FB4C900B70BD5 /* MyWeatherWatchUITests.swift */ = {isa = PBXFileReference; lastKnownFileType = sourcecode.swift; path = MyWeatherWatchUITests.swift; sourceTree = "<group>"; };
		771604AB286FB4C900B70BD5 /* MyWeatherWatchUITestsLaunchTests.swift */ = {isa = PBXFileReference; lastKnownFileType = sourcecode.swift; path = MyWeatherWatchUITestsLaunchTests.swift; sourceTree = "<group>"; };
		771604C22870E6C300B70BD5 /* MyWeatherWidgetExtension.appex */ = {isa = PBXFileReference; explicitFileType = "wrapper.app-extension"; includeInIndex = 0; path = MyWeatherWidgetExtension.appex; sourceTree = BUILT_PRODUCTS_DIR; };
		771604C42870E6C300B70BD5 /* WidgetKit.framework */ = {isa = PBXFileReference; lastKnownFileType = wrapper.framework; name = WidgetKit.framework; path = System/Library/Frameworks/WidgetKit.framework; sourceTree = SDKROOT; };
		771604C62870E6C300B70BD5 /* SwiftUI.framework */ = {isa = PBXFileReference; lastKnownFileType = wrapper.framework; name = SwiftUI.framework; path = System/Library/Frameworks/SwiftUI.framework; sourceTree = SDKROOT; };
		771604C92870E6C300B70BD5 /* MyWeatherWidget.swift */ = {isa = PBXFileReference; lastKnownFileType = sourcecode.swift; path = MyWeatherWidget.swift; sourceTree = "<group>"; };
		771604CB2870E6C400B70BD5 /* MyWeatherWidget.intentdefinition */ = {isa = PBXFileReference; lastKnownFileType = file.intentdefinition; path = MyWeatherWidget.intentdefinition; sourceTree = "<group>"; };
		771604CC2870E6C500B70BD5 /* Assets.xcassets */ = {isa = PBXFileReference; lastKnownFileType = folder.assetcatalog; path = Assets.xcassets; sourceTree = "<group>"; };
		771604CE2870E6C500B70BD5 /* Info.plist */ = {isa = PBXFileReference; lastKnownFileType = text.plist.xml; path = Info.plist; sourceTree = "<group>"; };
		771604D92870FF4400B70BD5 /* ForecastModel.swift */ = {isa = PBXFileReference; lastKnownFileType = sourcecode.swift; path = ForecastModel.swift; sourceTree = "<group>"; };
		771604DB2871045B00B70BD5 /* ForecastGroup.swift */ = {isa = PBXFileReference; lastKnownFileType = sourcecode.swift; path = ForecastGroup.swift; sourceTree = "<group>"; };
		771604DD287108F900B70BD5 /* ForecastCollectionViewCell.swift */ = {isa = PBXFileReference; lastKnownFileType = sourcecode.swift; path = ForecastCollectionViewCell.swift; sourceTree = "<group>"; };
		771604E02871C74200B70BD5 /* WeatherCVCell.swift */ = {isa = PBXFileReference; lastKnownFileType = sourcecode.swift; path = WeatherCVCell.swift; sourceTree = "<group>"; };
		771604E22871C88C00B70BD5 /* RainCVCell.swift */ = {isa = PBXFileReference; lastKnownFileType = sourcecode.swift; path = RainCVCell.swift; sourceTree = "<group>"; };
		771604E42872379600B70BD5 /* WindCVCell.swift */ = {isa = PBXFileReference; lastKnownFileType = sourcecode.swift; path = WindCVCell.swift; sourceTree = "<group>"; };
		7733750A2867BBF400322055 /* Colors.xcassets */ = {isa = PBXFileReference; lastKnownFileType = folder.assetcatalog; path = Colors.xcassets; sourceTree = "<group>"; };
		7733750D2867BCEA00322055 /* TempLabel.swift */ = {isa = PBXFileReference; lastKnownFileType = sourcecode.swift; path = TempLabel.swift; sourceTree = "<group>"; };
		7733750F2867C0F800322055 /* IconView.swift */ = {isa = PBXFileReference; lastKnownFileType = sourcecode.swift; path = IconView.swift; sourceTree = "<group>"; };
		773375112868874600322055 /* TemperatureGroup.swift */ = {isa = PBXFileReference; lastKnownFileType = sourcecode.swift; path = TemperatureGroup.swift; sourceTree = "<group>"; };
		773375132868C13C00322055 /* SunGroup.swift */ = {isa = PBXFileReference; lastKnownFileType = sourcecode.swift; path = SunGroup.swift; sourceTree = "<group>"; };
		773375152868C83200322055 /* WindGroup.swift */ = {isa = PBXFileReference; lastKnownFileType = sourcecode.swift; path = WindGroup.swift; sourceTree = "<group>"; };
		773375172868F01000322055 /* RainGroup.swift */ = {isa = PBXFileReference; lastKnownFileType = sourcecode.swift; path = RainGroup.swift; sourceTree = "<group>"; };
		773375192869199600322055 /* OtherInfoGroup.swift */ = {isa = PBXFileReference; lastKnownFileType = sourcecode.swift; path = OtherInfoGroup.swift; sourceTree = "<group>"; };
		7742BFB8286D3EB5008097C6 /* Model.xcdatamodel */ = {isa = PBXFileReference; lastKnownFileType = wrapper.xcdatamodel; path = Model.xcdatamodel; sourceTree = "<group>"; };
		777BC07C2869DDEF0002821A /* SeguementedTableViewCell.swift */ = {isa = PBXFileReference; lastKnownFileType = sourcecode.swift; path = SeguementedTableViewCell.swift; sourceTree = "<group>"; };
		777BC07E2869DEF10002821A /* SettingsTableViewController.swift */ = {isa = PBXFileReference; lastKnownFileType = sourcecode.swift; path = SettingsTableViewController.swift; sourceTree = "<group>"; };
		77DEE4EC286778C400DE5CE3 /* MyWeather.app */ = {isa = PBXFileReference; explicitFileType = wrapper.application; includeInIndex = 0; path = MyWeather.app; sourceTree = BUILT_PRODUCTS_DIR; };
		77DEE4EF286778C400DE5CE3 /* AppDelegate.swift */ = {isa = PBXFileReference; lastKnownFileType = sourcecode.swift; path = AppDelegate.swift; sourceTree = "<group>"; };
		77DEE4F3286778C400DE5CE3 /* ViewController.swift */ = {isa = PBXFileReference; lastKnownFileType = sourcecode.swift; path = ViewController.swift; sourceTree = "<group>"; };
		77DEE4F8286778C500DE5CE3 /* Assets.xcassets */ = {isa = PBXFileReference; lastKnownFileType = folder.assetcatalog; path = Assets.xcassets; sourceTree = "<group>"; };
		77DEE4FB286778C500DE5CE3 /* Base */ = {isa = PBXFileReference; lastKnownFileType = file.storyboard; name = Base; path = Base.lproj/LaunchScreen.storyboard; sourceTree = "<group>"; };
		77DEE4FD286778C500DE5CE3 /* Info.plist */ = {isa = PBXFileReference; lastKnownFileType = text.plist.xml; path = Info.plist; sourceTree = "<group>"; };
		77DEE502286778C500DE5CE3 /* MyWeatherTests.xctest */ = {isa = PBXFileReference; explicitFileType = wrapper.cfbundle; includeInIndex = 0; path = MyWeatherTests.xctest; sourceTree = BUILT_PRODUCTS_DIR; };
		77DEE506286778C500DE5CE3 /* MyWeatherTests.swift */ = {isa = PBXFileReference; lastKnownFileType = sourcecode.swift; path = MyWeatherTests.swift; sourceTree = "<group>"; };
		77DEE50C286778C500DE5CE3 /* MyWeatherUITests.xctest */ = {isa = PBXFileReference; explicitFileType = wrapper.cfbundle; includeInIndex = 0; path = MyWeatherUITests.xctest; sourceTree = BUILT_PRODUCTS_DIR; };
		77DEE510286778C500DE5CE3 /* MyWeatherUITests.swift */ = {isa = PBXFileReference; lastKnownFileType = sourcecode.swift; path = MyWeatherUITests.swift; sourceTree = "<group>"; };
		77DEE512286778C500DE5CE3 /* MyWeatherUITestsLaunchTests.swift */ = {isa = PBXFileReference; lastKnownFileType = sourcecode.swift; path = MyWeatherUITestsLaunchTests.swift; sourceTree = "<group>"; };
		77DEE52028677A7100DE5CE3 /* WeatherManager.swift */ = {isa = PBXFileReference; lastKnownFileType = sourcecode.swift; path = WeatherManager.swift; sourceTree = "<group>"; };
		77DEE52728677C2E00DE5CE3 /* Config.xcconfig */ = {isa = PBXFileReference; lastKnownFileType = text.xcconfig; path = Config.xcconfig; sourceTree = "<group>"; };
		77DEE5282867959000DE5CE3 /* WeahterModel.swift */ = {isa = PBXFileReference; lastKnownFileType = sourcecode.swift; path = WeahterModel.swift; sourceTree = "<group>"; };
		77DEE52D2867B2E700DE5CE3 /* Sketch.storyboard */ = {isa = PBXFileReference; lastKnownFileType = file.storyboard; path = Sketch.storyboard; sourceTree = "<group>"; };
		77F5F5FC286BBD4C00AEB310 /* CityModel.swift */ = {isa = PBXFileReference; lastKnownFileType = sourcecode.swift; path = CityModel.swift; sourceTree = "<group>"; };
		77F5F600286BC10200AEB310 /* SearchTableViewController.swift */ = {isa = PBXFileReference; lastKnownFileType = sourcecode.swift; path = SearchTableViewController.swift; sourceTree = "<group>"; };
		77F5F602286BC29700AEB310 /* SearchResultTableViewController.swift */ = {isa = PBXFileReference; lastKnownFileType = sourcecode.swift; path = SearchResultTableViewController.swift; sourceTree = "<group>"; };
/* End PBXFileReference section */

/* Begin PBXFrameworksBuildPhase section */
		77160483286FB4C800B70BD5 /* Frameworks */ = {
			isa = PBXFrameworksBuildPhase;
			buildActionMask = 2147483647;
			files = (
			);
			runOnlyForDeploymentPostprocessing = 0;
		};
		77160498286FB4C900B70BD5 /* Frameworks */ = {
			isa = PBXFrameworksBuildPhase;
			buildActionMask = 2147483647;
			files = (
			);
			runOnlyForDeploymentPostprocessing = 0;
		};
		771604A2286FB4C900B70BD5 /* Frameworks */ = {
			isa = PBXFrameworksBuildPhase;
			buildActionMask = 2147483647;
			files = (
			);
			runOnlyForDeploymentPostprocessing = 0;
		};
		771604BF2870E6C300B70BD5 /* Frameworks */ = {
			isa = PBXFrameworksBuildPhase;
			buildActionMask = 2147483647;
			files = (
				771604C72870E6C300B70BD5 /* SwiftUI.framework in Frameworks */,
				771604C52870E6C300B70BD5 /* WidgetKit.framework in Frameworks */,
			);
			runOnlyForDeploymentPostprocessing = 0;
		};
		77DEE4E9286778C400DE5CE3 /* Frameworks */ = {
			isa = PBXFrameworksBuildPhase;
			buildActionMask = 2147483647;
			files = (
				77DEE52428677B1100DE5CE3 /* Alamofire in Frameworks */,
				77DEE52C2867B2A500DE5CE3 /* TinyConstraints in Frameworks */,
			);
			runOnlyForDeploymentPostprocessing = 0;
		};
		77DEE4FF286778C500DE5CE3 /* Frameworks */ = {
			isa = PBXFrameworksBuildPhase;
			buildActionMask = 2147483647;
			files = (
			);
			runOnlyForDeploymentPostprocessing = 0;
		};
		77DEE509286778C500DE5CE3 /* Frameworks */ = {
			isa = PBXFrameworksBuildPhase;
			buildActionMask = 2147483647;
			files = (
			);
			runOnlyForDeploymentPostprocessing = 0;
		};
/* End PBXFrameworksBuildPhase section */

/* Begin PBXGroup section */
		7716046B286F1FFA00B70BD5 /* Utils */ = {
			isa = PBXGroup;
			children = (
				7716046C286F200400B70BD5 /* UnitConverter.swift */,
				77160475286F290F00B70BD5 /* StringExtension.swift */,
				77160477286FA53E00B70BD5 /* IconMaganger.swift */,
			);
			path = Utils;
			sourceTree = "<group>";
		};
		7716047C286FB4C600B70BD5 /* MyWeatherWatch */ = {
			isa = PBXGroup;
			children = (
				7716047D286FB4C600B70BD5 /* Interface.storyboard */,
				77160480286FB4C800B70BD5 /* Assets.xcassets */,
			);
			path = MyWeatherWatch;
			sourceTree = "<group>";
		};
		7716048A286FB4C800B70BD5 /* MyWeatherWatch WatchKit Extension */ = {
			isa = PBXGroup;
			children = (
				7716048B286FB4C800B70BD5 /* InterfaceController.swift */,
				7716048D286FB4C800B70BD5 /* ExtensionDelegate.swift */,
				7716048F286FB4C800B70BD5 /* NotificationController.swift */,
				77160491286FB4C800B70BD5 /* ComplicationController.swift */,
				77160493286FB4C900B70BD5 /* Assets.xcassets */,
				77160495286FB4C900B70BD5 /* Info.plist */,
				77160496286FB4C900B70BD5 /* PushNotificationPayload.apns */,
			);
			path = "MyWeatherWatch WatchKit Extension";
			sourceTree = "<group>";
		};
		7716049E286FB4C900B70BD5 /* MyWeatherWatchTests */ = {
			isa = PBXGroup;
			children = (
				7716049F286FB4C900B70BD5 /* MyWeatherWatchTests.swift */,
			);
			path = MyWeatherWatchTests;
			sourceTree = "<group>";
		};
		771604A8286FB4C900B70BD5 /* MyWeatherWatchUITests */ = {
			isa = PBXGroup;
			children = (
				771604A9286FB4C900B70BD5 /* MyWeatherWatchUITests.swift */,
				771604AB286FB4C900B70BD5 /* MyWeatherWatchUITestsLaunchTests.swift */,
			);
			path = MyWeatherWatchUITests;
			sourceTree = "<group>";
		};
		771604C32870E6C300B70BD5 /* Frameworks */ = {
			isa = PBXGroup;
			children = (
				771604C42870E6C300B70BD5 /* WidgetKit.framework */,
				771604C62870E6C300B70BD5 /* SwiftUI.framework */,
			);
			name = Frameworks;
			sourceTree = "<group>";
		};
		771604C82870E6C300B70BD5 /* MyWeatherWidget */ = {
			isa = PBXGroup;
			children = (
				771604C92870E6C300B70BD5 /* MyWeatherWidget.swift */,
				771604CB2870E6C400B70BD5 /* MyWeatherWidget.intentdefinition */,
				771604CC2870E6C500B70BD5 /* Assets.xcassets */,
				771604CE2870E6C500B70BD5 /* Info.plist */,
			);
			path = MyWeatherWidget;
			sourceTree = "<group>";
		};
		771604DF2871C6FC00B70BD5 /* ForecastCVCells */ = {
			isa = PBXGroup;
			children = (
				771604DD287108F900B70BD5 /* ForecastCollectionViewCell.swift */,
				771604E02871C74200B70BD5 /* WeatherCVCell.swift */,
				771604E22871C88C00B70BD5 /* RainCVCell.swift */,
				771604E42872379600B70BD5 /* WindCVCell.swift */,
			);
			path = ForecastCVCells;
			sourceTree = "<group>";
		};
		7733750C2867BCD500322055 /* Cells */ = {
			isa = PBXGroup;
			children = (
				771604DF2871C6FC00B70BD5 /* ForecastCVCells */,
				7733750D2867BCEA00322055 /* TempLabel.swift */,
				7733750F2867C0F800322055 /* IconView.swift */,
				773375112868874600322055 /* TemperatureGroup.swift */,
				773375132868C13C00322055 /* SunGroup.swift */,
				773375152868C83200322055 /* WindGroup.swift */,
				773375172868F01000322055 /* RainGroup.swift */,
				773375192869199600322055 /* OtherInfoGroup.swift */,
				771604DB2871045B00B70BD5 /* ForecastGroup.swift */,
			);
			path = Cells;
			sourceTree = "<group>";
		};
		7742BFB6286D3EA8008097C6 /* CoreData */ = {
			isa = PBXGroup;
			children = (
				77160467286E67DA00B70BD5 /* Favorite+CoreDataClass.swift */,
				77160468286E67DA00B70BD5 /* Favorite+CoreDataProperties.swift */,
				7742BFB7286D3EB5008097C6 /* Model.xcdatamodeld */,
			);
			path = CoreData;
			sourceTree = "<group>";
		};
		777BC07B2869DDB50002821A /* Settings */ = {
			isa = PBXGroup;
			children = (
				77160465286E634600B70BD5 /* CoreDataContextProvider.swift */,
				777BC07C2869DDEF0002821A /* SeguementedTableViewCell.swift */,
				777BC07E2869DEF10002821A /* SettingsTableViewController.swift */,
			);
			path = Settings;
			sourceTree = "<group>";
		};
		77DEE4E3286778C400DE5CE3 = {
			isa = PBXGroup;
			children = (
				77160473286F28B900B70BD5 /* Localizable.strings */,
				7733750A2867BBF400322055 /* Colors.xcassets */,
				77DEE52D2867B2E700DE5CE3 /* Sketch.storyboard */,
				77DEE4EE286778C400DE5CE3 /* MyWeather */,
				77DEE505286778C500DE5CE3 /* MyWeatherTests */,
				77DEE50F286778C500DE5CE3 /* MyWeatherUITests */,
				7716047C286FB4C600B70BD5 /* MyWeatherWatch */,
				7716048A286FB4C800B70BD5 /* MyWeatherWatch WatchKit Extension */,
				7716049E286FB4C900B70BD5 /* MyWeatherWatchTests */,
				771604A8286FB4C900B70BD5 /* MyWeatherWatchUITests */,
				771604C82870E6C300B70BD5 /* MyWeatherWidget */,
				771604C32870E6C300B70BD5 /* Frameworks */,
				77DEE4ED286778C400DE5CE3 /* Products */,
			);
			sourceTree = "<group>";
		};
		77DEE4ED286778C400DE5CE3 /* Products */ = {
			isa = PBXGroup;
			children = (
				77DEE4EC286778C400DE5CE3 /* MyWeather.app */,
				77DEE502286778C500DE5CE3 /* MyWeatherTests.xctest */,
				77DEE50C286778C500DE5CE3 /* MyWeatherUITests.xctest */,
				7716047B286FB4C600B70BD5 /* MyWeatherWatch.app */,
				77160486286FB4C800B70BD5 /* MyWeatherWatch WatchKit Extension.appex */,
				7716049B286FB4C900B70BD5 /* MyWeatherWatchTests.xctest */,
				771604A5286FB4C900B70BD5 /* MyWeatherWatchUITests.xctest */,
				771604C22870E6C300B70BD5 /* MyWeatherWidgetExtension.appex */,
			);
			name = Products;
			sourceTree = "<group>";
		};
		77DEE4EE286778C400DE5CE3 /* MyWeather */ = {
			isa = PBXGroup;
			children = (
				7716046B286F1FFA00B70BD5 /* Utils */,
				7742BFB6286D3EA8008097C6 /* CoreData */,
				77F5F5FF286BC0D700AEB310 /* SearchViewController */,
				777BC07B2869DDB50002821A /* Settings */,
				7733750C2867BCD500322055 /* Cells */,
				77DEE51F28677A6000DE5CE3 /* BackEnd */,
				77DEE4EF286778C400DE5CE3 /* AppDelegate.swift */,
				77DEE4F3286778C400DE5CE3 /* ViewController.swift */,
				77DEE4F8286778C500DE5CE3 /* Assets.xcassets */,
				77DEE4FA286778C500DE5CE3 /* LaunchScreen.storyboard */,
				77DEE4FD286778C500DE5CE3 /* Info.plist */,
				77DEE52728677C2E00DE5CE3 /* Config.xcconfig */,
			);
			path = MyWeather;
			sourceTree = "<group>";
		};
		77DEE505286778C500DE5CE3 /* MyWeatherTests */ = {
			isa = PBXGroup;
			children = (
				77DEE506286778C500DE5CE3 /* MyWeatherTests.swift */,
			);
			path = MyWeatherTests;
			sourceTree = "<group>";
		};
		77DEE50F286778C500DE5CE3 /* MyWeatherUITests */ = {
			isa = PBXGroup;
			children = (
				77DEE510286778C500DE5CE3 /* MyWeatherUITests.swift */,
				77DEE512286778C500DE5CE3 /* MyWeatherUITestsLaunchTests.swift */,
			);
			path = MyWeatherUITests;
			sourceTree = "<group>";
		};
		77DEE51F28677A6000DE5CE3 /* BackEnd */ = {
			isa = PBXGroup;
			children = (
				77DEE52028677A7100DE5CE3 /* WeatherManager.swift */,
				77DEE5282867959000DE5CE3 /* WeahterModel.swift */,
				77F5F5FC286BBD4C00AEB310 /* CityModel.swift */,
				771604D92870FF4400B70BD5 /* ForecastModel.swift */,
			);
			path = BackEnd;
			sourceTree = "<group>";
		};
		77F5F5FF286BC0D700AEB310 /* SearchViewController */ = {
			isa = PBXGroup;
			children = (
				77F5F600286BC10200AEB310 /* SearchTableViewController.swift */,
				77F5F602286BC29700AEB310 /* SearchResultTableViewController.swift */,
			);
			path = SearchViewController;
			sourceTree = "<group>";
		};
/* End PBXGroup section */

/* Begin PBXNativeTarget section */
		7716047A286FB4C600B70BD5 /* MyWeatherWatch */ = {
			isa = PBXNativeTarget;
			buildConfigurationList = 771604B4286FB4C900B70BD5 /* Build configuration list for PBXNativeTarget "MyWeatherWatch" */;
			buildPhases = (
				77160479286FB4C600B70BD5 /* Resources */,
				771604B3286FB4C900B70BD5 /* Embed App Extensions */,
			);
			buildRules = (
			);
			dependencies = (
				77160489286FB4C800B70BD5 /* PBXTargetDependency */,
			);
			name = MyWeatherWatch;
			productName = MyWeatherWatch;
			productReference = 7716047B286FB4C600B70BD5 /* MyWeatherWatch.app */;
			productType = "com.apple.product-type.application.watchapp2";
		};
		77160485286FB4C800B70BD5 /* MyWeatherWatch WatchKit Extension */ = {
			isa = PBXNativeTarget;
			buildConfigurationList = 771604B0286FB4C900B70BD5 /* Build configuration list for PBXNativeTarget "MyWeatherWatch WatchKit Extension" */;
			buildPhases = (
				77160482286FB4C800B70BD5 /* Sources */,
				77160483286FB4C800B70BD5 /* Frameworks */,
				77160484286FB4C800B70BD5 /* Resources */,
			);
			buildRules = (
			);
			dependencies = (
			);
			name = "MyWeatherWatch WatchKit Extension";
			productName = "MyWeatherWatch WatchKit Extension";
			productReference = 77160486286FB4C800B70BD5 /* MyWeatherWatch WatchKit Extension.appex */;
			productType = "com.apple.product-type.watchkit2-extension";
		};
		7716049A286FB4C900B70BD5 /* MyWeatherWatchTests */ = {
			isa = PBXNativeTarget;
			buildConfigurationList = 771604B8286FB4C900B70BD5 /* Build configuration list for PBXNativeTarget "MyWeatherWatchTests" */;
			buildPhases = (
				77160497286FB4C900B70BD5 /* Sources */,
				77160498286FB4C900B70BD5 /* Frameworks */,
				77160499286FB4C900B70BD5 /* Resources */,
			);
			buildRules = (
			);
			dependencies = (
				7716049D286FB4C900B70BD5 /* PBXTargetDependency */,
			);
			name = MyWeatherWatchTests;
			productName = MyWeatherWatchTests;
			productReference = 7716049B286FB4C900B70BD5 /* MyWeatherWatchTests.xctest */;
			productType = "com.apple.product-type.bundle.unit-test";
		};
		771604A4286FB4C900B70BD5 /* MyWeatherWatchUITests */ = {
			isa = PBXNativeTarget;
			buildConfigurationList = 771604BB286FB4C900B70BD5 /* Build configuration list for PBXNativeTarget "MyWeatherWatchUITests" */;
			buildPhases = (
				771604A1286FB4C900B70BD5 /* Sources */,
				771604A2286FB4C900B70BD5 /* Frameworks */,
				771604A3286FB4C900B70BD5 /* Resources */,
			);
			buildRules = (
			);
			dependencies = (
				771604A7286FB4C900B70BD5 /* PBXTargetDependency */,
			);
			name = MyWeatherWatchUITests;
			productName = MyWeatherWatchUITests;
			productReference = 771604A5286FB4C900B70BD5 /* MyWeatherWatchUITests.xctest */;
			productType = "com.apple.product-type.bundle.ui-testing";
		};
		771604C12870E6C300B70BD5 /* MyWeatherWidgetExtension */ = {
			isa = PBXNativeTarget;
			buildConfigurationList = 771604D42870E6C500B70BD5 /* Build configuration list for PBXNativeTarget "MyWeatherWidgetExtension" */;
			buildPhases = (
				771604BE2870E6C300B70BD5 /* Sources */,
				771604BF2870E6C300B70BD5 /* Frameworks */,
				771604C02870E6C300B70BD5 /* Resources */,
			);
			buildRules = (
			);
			dependencies = (
			);
			name = MyWeatherWidgetExtension;
			productName = MyWeatherWidgetExtension;
			productReference = 771604C22870E6C300B70BD5 /* MyWeatherWidgetExtension.appex */;
			productType = "com.apple.product-type.app-extension";
		};
		77DEE4EB286778C400DE5CE3 /* MyWeather */ = {
			isa = PBXNativeTarget;
			buildConfigurationList = 77DEE516286778C500DE5CE3 /* Build configuration list for PBXNativeTarget "MyWeather" */;
			buildPhases = (
				77DEE4E8286778C400DE5CE3 /* Sources */,
				77DEE4E9286778C400DE5CE3 /* Frameworks */,
				77DEE4EA286778C400DE5CE3 /* Resources */,
				771604B7286FB4C900B70BD5 /* Embed Watch Content */,
				771604D72870E6C500B70BD5 /* Embed App Extensions */,
			);
			buildRules = (
			);
			dependencies = (
				771604AE286FB4C900B70BD5 /* PBXTargetDependency */,
				771604D22870E6C500B70BD5 /* PBXTargetDependency */,
			);
			name = MyWeather;
			packageProductDependencies = (
				77DEE52328677B1100DE5CE3 /* Alamofire */,
				77DEE52B2867B2A500DE5CE3 /* TinyConstraints */,
			);
			productName = MyWeather;
			productReference = 77DEE4EC286778C400DE5CE3 /* MyWeather.app */;
			productType = "com.apple.product-type.application";
		};
		77DEE501286778C500DE5CE3 /* MyWeatherTests */ = {
			isa = PBXNativeTarget;
			buildConfigurationList = 77DEE519286778C500DE5CE3 /* Build configuration list for PBXNativeTarget "MyWeatherTests" */;
			buildPhases = (
				77DEE4FE286778C500DE5CE3 /* Sources */,
				77DEE4FF286778C500DE5CE3 /* Frameworks */,
				77DEE500286778C500DE5CE3 /* Resources */,
			);
			buildRules = (
			);
			dependencies = (
				77DEE504286778C500DE5CE3 /* PBXTargetDependency */,
			);
			name = MyWeatherTests;
			productName = MyWeatherTests;
			productReference = 77DEE502286778C500DE5CE3 /* MyWeatherTests.xctest */;
			productType = "com.apple.product-type.bundle.unit-test";
		};
		77DEE50B286778C500DE5CE3 /* MyWeatherUITests */ = {
			isa = PBXNativeTarget;
			buildConfigurationList = 77DEE51C286778C500DE5CE3 /* Build configuration list for PBXNativeTarget "MyWeatherUITests" */;
			buildPhases = (
				77DEE508286778C500DE5CE3 /* Sources */,
				77DEE509286778C500DE5CE3 /* Frameworks */,
				77DEE50A286778C500DE5CE3 /* Resources */,
			);
			buildRules = (
			);
			dependencies = (
				77DEE50E286778C500DE5CE3 /* PBXTargetDependency */,
			);
			name = MyWeatherUITests;
			productName = MyWeatherUITests;
			productReference = 77DEE50C286778C500DE5CE3 /* MyWeatherUITests.xctest */;
			productType = "com.apple.product-type.bundle.ui-testing";
		};
/* End PBXNativeTarget section */

/* Begin PBXProject section */
		77DEE4E4286778C400DE5CE3 /* Project object */ = {
			isa = PBXProject;
			attributes = {
				BuildIndependentTargetsInParallel = 1;
				LastSwiftUpdateCheck = 1340;
				LastUpgradeCheck = 1340;
				TargetAttributes = {
					7716047A286FB4C600B70BD5 = {
						CreatedOnToolsVersion = 13.4.1;
					};
					77160485286FB4C800B70BD5 = {
						CreatedOnToolsVersion = 13.4.1;
					};
					7716049A286FB4C900B70BD5 = {
						CreatedOnToolsVersion = 13.4.1;
						TestTargetID = 77160485286FB4C800B70BD5;
					};
					771604A4286FB4C900B70BD5 = {
						CreatedOnToolsVersion = 13.4.1;
						TestTargetID = 7716047A286FB4C600B70BD5;
					};
					771604C12870E6C300B70BD5 = {
						CreatedOnToolsVersion = 13.4.1;
					};
					77DEE4EB286778C400DE5CE3 = {
						CreatedOnToolsVersion = 13.4.1;
					};
					77DEE501286778C500DE5CE3 = {
						CreatedOnToolsVersion = 13.4.1;
						TestTargetID = 77DEE4EB286778C400DE5CE3;
					};
					77DEE50B286778C500DE5CE3 = {
						CreatedOnToolsVersion = 13.4.1;
						TestTargetID = 77DEE4EB286778C400DE5CE3;
					};
				};
			};
			buildConfigurationList = 77DEE4E7286778C400DE5CE3 /* Build configuration list for PBXProject "MyWeather" */;
			compatibilityVersion = "Xcode 13.0";
			developmentRegion = en;
			hasScannedForEncodings = 0;
			knownRegions = (
				en,
				Base,
				fr,
			);
			mainGroup = 77DEE4E3286778C400DE5CE3;
			packageReferences = (
				77DEE52228677B1100DE5CE3 /* XCRemoteSwiftPackageReference "Alamofire" */,
				77DEE52A2867B2A500DE5CE3 /* XCRemoteSwiftPackageReference "TinyConstraints" */,
			);
			productRefGroup = 77DEE4ED286778C400DE5CE3 /* Products */;
			projectDirPath = "";
			projectRoot = "";
			targets = (
				77DEE4EB286778C400DE5CE3 /* MyWeather */,
				77DEE501286778C500DE5CE3 /* MyWeatherTests */,
				77DEE50B286778C500DE5CE3 /* MyWeatherUITests */,
				7716047A286FB4C600B70BD5 /* MyWeatherWatch */,
				77160485286FB4C800B70BD5 /* MyWeatherWatch WatchKit Extension */,
				7716049A286FB4C900B70BD5 /* MyWeatherWatchTests */,
				771604A4286FB4C900B70BD5 /* MyWeatherWatchUITests */,
				771604C12870E6C300B70BD5 /* MyWeatherWidgetExtension */,
			);
		};
/* End PBXProject section */

/* Begin PBXResourcesBuildPhase section */
		77160479286FB4C600B70BD5 /* Resources */ = {
			isa = PBXResourcesBuildPhase;
			buildActionMask = 2147483647;
			files = (
				77160481286FB4C800B70BD5 /* Assets.xcassets in Resources */,
				7716047F286FB4C600B70BD5 /* Interface.storyboard in Resources */,
			);
			runOnlyForDeploymentPostprocessing = 0;
		};
		77160484286FB4C800B70BD5 /* Resources */ = {
			isa = PBXResourcesBuildPhase;
			buildActionMask = 2147483647;
			files = (
				77160494286FB4C900B70BD5 /* Assets.xcassets in Resources */,
			);
			runOnlyForDeploymentPostprocessing = 0;
		};
		77160499286FB4C900B70BD5 /* Resources */ = {
			isa = PBXResourcesBuildPhase;
			buildActionMask = 2147483647;
			files = (
			);
			runOnlyForDeploymentPostprocessing = 0;
		};
		771604A3286FB4C900B70BD5 /* Resources */ = {
			isa = PBXResourcesBuildPhase;
			buildActionMask = 2147483647;
			files = (
			);
			runOnlyForDeploymentPostprocessing = 0;
		};
		771604C02870E6C300B70BD5 /* Resources */ = {
			isa = PBXResourcesBuildPhase;
			buildActionMask = 2147483647;
			files = (
				771604CD2870E6C500B70BD5 /* Assets.xcassets in Resources */,
			);
			runOnlyForDeploymentPostprocessing = 0;
		};
		77DEE4EA286778C400DE5CE3 /* Resources */ = {
			isa = PBXResourcesBuildPhase;
			buildActionMask = 2147483647;
			files = (
				77160471286F28B900B70BD5 /* Localizable.strings in Resources */,
				77DEE4FC286778C500DE5CE3 /* LaunchScreen.storyboard in Resources */,
				7733750B2867BBF400322055 /* Colors.xcassets in Resources */,
				77DEE52E2867B2E700DE5CE3 /* Sketch.storyboard in Resources */,
				77DEE4F9286778C500DE5CE3 /* Assets.xcassets in Resources */,
			);
			runOnlyForDeploymentPostprocessing = 0;
		};
		77DEE500286778C500DE5CE3 /* Resources */ = {
			isa = PBXResourcesBuildPhase;
			buildActionMask = 2147483647;
			files = (
			);
			runOnlyForDeploymentPostprocessing = 0;
		};
		77DEE50A286778C500DE5CE3 /* Resources */ = {
			isa = PBXResourcesBuildPhase;
			buildActionMask = 2147483647;
			files = (
			);
			runOnlyForDeploymentPostprocessing = 0;
		};
/* End PBXResourcesBuildPhase section */

/* Begin PBXSourcesBuildPhase section */
		77160482286FB4C800B70BD5 /* Sources */ = {
			isa = PBXSourcesBuildPhase;
			buildActionMask = 2147483647;
			files = (
				77160490286FB4C800B70BD5 /* NotificationController.swift in Sources */,
				77160492286FB4C800B70BD5 /* ComplicationController.swift in Sources */,
				7716048E286FB4C800B70BD5 /* ExtensionDelegate.swift in Sources */,
				7716048C286FB4C800B70BD5 /* InterfaceController.swift in Sources */,
			);
			runOnlyForDeploymentPostprocessing = 0;
		};
		77160497286FB4C900B70BD5 /* Sources */ = {
			isa = PBXSourcesBuildPhase;
			buildActionMask = 2147483647;
			files = (
				771604A0286FB4C900B70BD5 /* MyWeatherWatchTests.swift in Sources */,
			);
			runOnlyForDeploymentPostprocessing = 0;
		};
		771604A1286FB4C900B70BD5 /* Sources */ = {
			isa = PBXSourcesBuildPhase;
			buildActionMask = 2147483647;
			files = (
				771604AA286FB4C900B70BD5 /* MyWeatherWatchUITests.swift in Sources */,
				771604AC286FB4C900B70BD5 /* MyWeatherWatchUITestsLaunchTests.swift in Sources */,
			);
			runOnlyForDeploymentPostprocessing = 0;
		};
		771604BE2870E6C300B70BD5 /* Sources */ = {
			isa = PBXSourcesBuildPhase;
			buildActionMask = 2147483647;
			files = (
				771604CF2870E6C500B70BD5 /* MyWeatherWidget.intentdefinition in Sources */,
				771604CA2870E6C300B70BD5 /* MyWeatherWidget.swift in Sources */,
			);
			runOnlyForDeploymentPostprocessing = 0;
		};
		77DEE4E8286778C400DE5CE3 /* Sources */ = {
			isa = PBXSourcesBuildPhase;
			buildActionMask = 2147483647;
			files = (
				7716046D286F200400B70BD5 /* UnitConverter.swift in Sources */,
				7733751A2869199600322055 /* OtherInfoGroup.swift in Sources */,
				7716046A286E67DA00B70BD5 /* Favorite+CoreDataProperties.swift in Sources */,
				771604DA2870FF4400B70BD5 /* ForecastModel.swift in Sources */,
				777BC07F2869DEF10002821A /* SettingsTableViewController.swift in Sources */,
				77DEE52128677A7100DE5CE3 /* WeatherManager.swift in Sources */,
				773375182868F01000322055 /* RainGroup.swift in Sources */,
				773375102867C0F800322055 /* IconView.swift in Sources */,
				773375122868874600322055 /* TemperatureGroup.swift in Sources */,
				77F5F5FD286BBD4C00AEB310 /* CityModel.swift in Sources */,
				77F5F601286BC10200AEB310 /* SearchTableViewController.swift in Sources */,
				7742BFB9286D3EB5008097C6 /* Model.xcdatamodeld in Sources */,
				771604E52872379600B70BD5 /* WindCVCell.swift in Sources */,
				7733750E2867BCEA00322055 /* TempLabel.swift in Sources */,
				777BC07D2869DDEF0002821A /* SeguementedTableViewCell.swift in Sources */,
				773375142868C13D00322055 /* SunGroup.swift in Sources */,
				771604D02870E6C500B70BD5 /* MyWeatherWidget.intentdefinition in Sources */,
				773375162868C83200322055 /* WindGroup.swift in Sources */,
				77160478286FA53E00B70BD5 /* IconMaganger.swift in Sources */,
				77160466286E634600B70BD5 /* CoreDataContextProvider.swift in Sources */,
				771604E32871C88C00B70BD5 /* RainCVCell.swift in Sources */,
				77F5F603286BC29700AEB310 /* SearchResultTableViewController.swift in Sources */,
				77DEE4F4286778C400DE5CE3 /* ViewController.swift in Sources */,
				77160469286E67DA00B70BD5 /* Favorite+CoreDataClass.swift in Sources */,
				77DEE5292867959000DE5CE3 /* WeahterModel.swift in Sources */,
				771604DE287108F900B70BD5 /* ForecastCollectionViewCell.swift in Sources */,
				77DEE4F0286778C400DE5CE3 /* AppDelegate.swift in Sources */,
				771604DC2871045B00B70BD5 /* ForecastGroup.swift in Sources */,
				77160476286F290F00B70BD5 /* StringExtension.swift in Sources */,
				771604E12871C74200B70BD5 /* WeatherCVCell.swift in Sources */,
			);
			runOnlyForDeploymentPostprocessing = 0;
		};
		77DEE4FE286778C500DE5CE3 /* Sources */ = {
			isa = PBXSourcesBuildPhase;
			buildActionMask = 2147483647;
			files = (
				77DEE507286778C500DE5CE3 /* MyWeatherTests.swift in Sources */,
			);
			runOnlyForDeploymentPostprocessing = 0;
		};
		77DEE508286778C500DE5CE3 /* Sources */ = {
			isa = PBXSourcesBuildPhase;
			buildActionMask = 2147483647;
			files = (
				77DEE511286778C500DE5CE3 /* MyWeatherUITests.swift in Sources */,
				77DEE513286778C500DE5CE3 /* MyWeatherUITestsLaunchTests.swift in Sources */,
			);
			runOnlyForDeploymentPostprocessing = 0;
		};
/* End PBXSourcesBuildPhase section */

/* Begin PBXTargetDependency section */
		77160489286FB4C800B70BD5 /* PBXTargetDependency */ = {
			isa = PBXTargetDependency;
			target = 77160485286FB4C800B70BD5 /* MyWeatherWatch WatchKit Extension */;
			targetProxy = 77160488286FB4C800B70BD5 /* PBXContainerItemProxy */;
		};
		7716049D286FB4C900B70BD5 /* PBXTargetDependency */ = {
			isa = PBXTargetDependency;
			target = 77160485286FB4C800B70BD5 /* MyWeatherWatch WatchKit Extension */;
			targetProxy = 7716049C286FB4C900B70BD5 /* PBXContainerItemProxy */;
		};
		771604A7286FB4C900B70BD5 /* PBXTargetDependency */ = {
			isa = PBXTargetDependency;
			target = 7716047A286FB4C600B70BD5 /* MyWeatherWatch */;
			targetProxy = 771604A6286FB4C900B70BD5 /* PBXContainerItemProxy */;
		};
		771604AE286FB4C900B70BD5 /* PBXTargetDependency */ = {
			isa = PBXTargetDependency;
			target = 7716047A286FB4C600B70BD5 /* MyWeatherWatch */;
			targetProxy = 771604AD286FB4C900B70BD5 /* PBXContainerItemProxy */;
		};
		771604D22870E6C500B70BD5 /* PBXTargetDependency */ = {
			isa = PBXTargetDependency;
			target = 771604C12870E6C300B70BD5 /* MyWeatherWidgetExtension */;
			targetProxy = 771604D12870E6C500B70BD5 /* PBXContainerItemProxy */;
		};
		77DEE504286778C500DE5CE3 /* PBXTargetDependency */ = {
			isa = PBXTargetDependency;
			target = 77DEE4EB286778C400DE5CE3 /* MyWeather */;
			targetProxy = 77DEE503286778C500DE5CE3 /* PBXContainerItemProxy */;
		};
		77DEE50E286778C500DE5CE3 /* PBXTargetDependency */ = {
			isa = PBXTargetDependency;
			target = 77DEE4EB286778C400DE5CE3 /* MyWeather */;
			targetProxy = 77DEE50D286778C500DE5CE3 /* PBXContainerItemProxy */;
		};
/* End PBXTargetDependency section */

/* Begin PBXVariantGroup section */
		77160473286F28B900B70BD5 /* Localizable.strings */ = {
			isa = PBXVariantGroup;
			children = (
				77160472286F28B900B70BD5 /* en */,
				77160474286F28BC00B70BD5 /* fr */,
			);
			name = Localizable.strings;
			sourceTree = "<group>";
		};
		7716047D286FB4C600B70BD5 /* Interface.storyboard */ = {
			isa = PBXVariantGroup;
			children = (
				7716047E286FB4C600B70BD5 /* Base */,
			);
			name = Interface.storyboard;
			sourceTree = "<group>";
		};
		77DEE4FA286778C500DE5CE3 /* LaunchScreen.storyboard */ = {
			isa = PBXVariantGroup;
			children = (
				77DEE4FB286778C500DE5CE3 /* Base */,
				7716046E286F287100B70BD5 /* fr */,
			);
			name = LaunchScreen.storyboard;
			sourceTree = "<group>";
		};
/* End PBXVariantGroup section */

/* Begin XCBuildConfiguration section */
		771604B1286FB4C900B70BD5 /* Debug */ = {
			isa = XCBuildConfiguration;
			buildSettings = {
				ASSETCATALOG_COMPILER_COMPLICATION_NAME = Complication;
				CODE_SIGN_STYLE = Automatic;
				CURRENT_PROJECT_VERSION = 1;
				DEVELOPMENT_TEAM = 78XA6V5NGS;
				GENERATE_INFOPLIST_FILE = YES;
				INFOPLIST_FILE = "MyWeatherWatch WatchKit Extension/Info.plist";
				INFOPLIST_KEY_CFBundleDisplayName = "MyWeatherWatch WatchKit Extension";
				INFOPLIST_KEY_CLKComplicationPrincipalClass = "$(PRODUCT_MODULE_NAME).ComplicationController";
				INFOPLIST_KEY_NSHumanReadableCopyright = "";
				INFOPLIST_KEY_WKExtensionDelegateClassName = "$(PRODUCT_MODULE_NAME).ExtensionDelegate";
				LD_RUNPATH_SEARCH_PATHS = (
					"$(inherited)",
					"@executable_path/Frameworks",
					"@executable_path/../../Frameworks",
				);
				MARKETING_VERSION = 1.0;
				PRODUCT_BUNDLE_IDENTIFIER = myWeather.MyWeather.watchkitapp.watchkitextension;
				PRODUCT_NAME = "${TARGET_NAME}";
				SDKROOT = watchos;
				SKIP_INSTALL = YES;
				SWIFT_EMIT_LOC_STRINGS = YES;
				SWIFT_VERSION = 5.0;
				TARGETED_DEVICE_FAMILY = 4;
				WATCHOS_DEPLOYMENT_TARGET = 8.5;
			};
			name = Debug;
		};
		771604B2286FB4C900B70BD5 /* Release */ = {
			isa = XCBuildConfiguration;
			buildSettings = {
				ASSETCATALOG_COMPILER_COMPLICATION_NAME = Complication;
				CODE_SIGN_STYLE = Automatic;
				CURRENT_PROJECT_VERSION = 1;
				DEVELOPMENT_TEAM = 78XA6V5NGS;
				GENERATE_INFOPLIST_FILE = YES;
				INFOPLIST_FILE = "MyWeatherWatch WatchKit Extension/Info.plist";
				INFOPLIST_KEY_CFBundleDisplayName = "MyWeatherWatch WatchKit Extension";
				INFOPLIST_KEY_CLKComplicationPrincipalClass = "$(PRODUCT_MODULE_NAME).ComplicationController";
				INFOPLIST_KEY_NSHumanReadableCopyright = "";
				INFOPLIST_KEY_WKExtensionDelegateClassName = "$(PRODUCT_MODULE_NAME).ExtensionDelegate";
				LD_RUNPATH_SEARCH_PATHS = (
					"$(inherited)",
					"@executable_path/Frameworks",
					"@executable_path/../../Frameworks",
				);
				MARKETING_VERSION = 1.0;
				PRODUCT_BUNDLE_IDENTIFIER = myWeather.MyWeather.watchkitapp.watchkitextension;
				PRODUCT_NAME = "${TARGET_NAME}";
				SDKROOT = watchos;
				SKIP_INSTALL = YES;
				SWIFT_EMIT_LOC_STRINGS = YES;
				SWIFT_VERSION = 5.0;
				TARGETED_DEVICE_FAMILY = 4;
				WATCHOS_DEPLOYMENT_TARGET = 8.5;
			};
			name = Release;
		};
		771604B5286FB4C900B70BD5 /* Debug */ = {
			isa = XCBuildConfiguration;
			buildSettings = {
				ALWAYS_EMBED_SWIFT_STANDARD_LIBRARIES = YES;
				ASSETCATALOG_COMPILER_APPICON_NAME = AppIcon;
				ASSETCATALOG_COMPILER_GLOBAL_ACCENT_COLOR_NAME = AccentColor;
				CODE_SIGN_STYLE = Automatic;
				CURRENT_PROJECT_VERSION = 1;
				DEVELOPMENT_TEAM = 78XA6V5NGS;
				GENERATE_INFOPLIST_FILE = YES;
				IBSC_MODULE = MyWeatherWatch_WatchKit_Extension;
				INFOPLIST_KEY_CFBundleDisplayName = MyWeatherWatch;
				INFOPLIST_KEY_UISupportedInterfaceOrientations = "UIInterfaceOrientationPortrait UIInterfaceOrientationPortraitUpsideDown";
				INFOPLIST_KEY_WKCompanionAppBundleIdentifier = myWeather.MyWeather;
				MARKETING_VERSION = 1.0;
				PRODUCT_BUNDLE_IDENTIFIER = myWeather.MyWeather.watchkitapp;
				PRODUCT_NAME = "$(TARGET_NAME)";
				SDKROOT = watchos;
				SKIP_INSTALL = YES;
				SWIFT_EMIT_LOC_STRINGS = YES;
				SWIFT_VERSION = 5.0;
				TARGETED_DEVICE_FAMILY = 4;
				WATCHOS_DEPLOYMENT_TARGET = 8.5;
			};
			name = Debug;
		};
		771604B6286FB4C900B70BD5 /* Release */ = {
			isa = XCBuildConfiguration;
			buildSettings = {
				ALWAYS_EMBED_SWIFT_STANDARD_LIBRARIES = YES;
				ASSETCATALOG_COMPILER_APPICON_NAME = AppIcon;
				ASSETCATALOG_COMPILER_GLOBAL_ACCENT_COLOR_NAME = AccentColor;
				CODE_SIGN_STYLE = Automatic;
				CURRENT_PROJECT_VERSION = 1;
				DEVELOPMENT_TEAM = 78XA6V5NGS;
				GENERATE_INFOPLIST_FILE = YES;
				IBSC_MODULE = MyWeatherWatch_WatchKit_Extension;
				INFOPLIST_KEY_CFBundleDisplayName = MyWeatherWatch;
				INFOPLIST_KEY_UISupportedInterfaceOrientations = "UIInterfaceOrientationPortrait UIInterfaceOrientationPortraitUpsideDown";
				INFOPLIST_KEY_WKCompanionAppBundleIdentifier = myWeather.MyWeather;
				MARKETING_VERSION = 1.0;
				PRODUCT_BUNDLE_IDENTIFIER = myWeather.MyWeather.watchkitapp;
				PRODUCT_NAME = "$(TARGET_NAME)";
				SDKROOT = watchos;
				SKIP_INSTALL = YES;
				SWIFT_EMIT_LOC_STRINGS = YES;
				SWIFT_VERSION = 5.0;
				TARGETED_DEVICE_FAMILY = 4;
				WATCHOS_DEPLOYMENT_TARGET = 8.5;
			};
			name = Release;
		};
		771604B9286FB4C900B70BD5 /* Debug */ = {
			isa = XCBuildConfiguration;
			buildSettings = {
				ALWAYS_EMBED_SWIFT_STANDARD_LIBRARIES = YES;
				BUNDLE_LOADER = "$(TEST_HOST)";
				CODE_SIGN_STYLE = Automatic;
				CURRENT_PROJECT_VERSION = 1;
				DEVELOPMENT_TEAM = 78XA6V5NGS;
				GENERATE_INFOPLIST_FILE = YES;
				MARKETING_VERSION = 1.0;
				PRODUCT_BUNDLE_IDENTIFIER = myWeather.MyWeather.MyWeatherWatchTests;
				PRODUCT_NAME = "$(TARGET_NAME)";
				SDKROOT = watchos;
				SWIFT_EMIT_LOC_STRINGS = NO;
				SWIFT_VERSION = 5.0;
				TARGETED_DEVICE_FAMILY = 4;
				TEST_HOST = "$(BUILT_PRODUCTS_DIR)/MyWeatherWatch WatchKit Extension.appex/MyWeatherWatch WatchKit Extension";
				WATCHOS_DEPLOYMENT_TARGET = 8.5;
			};
			name = Debug;
		};
		771604BA286FB4C900B70BD5 /* Release */ = {
			isa = XCBuildConfiguration;
			buildSettings = {
				ALWAYS_EMBED_SWIFT_STANDARD_LIBRARIES = YES;
				BUNDLE_LOADER = "$(TEST_HOST)";
				CODE_SIGN_STYLE = Automatic;
				CURRENT_PROJECT_VERSION = 1;
				DEVELOPMENT_TEAM = 78XA6V5NGS;
				GENERATE_INFOPLIST_FILE = YES;
				MARKETING_VERSION = 1.0;
				PRODUCT_BUNDLE_IDENTIFIER = myWeather.MyWeather.MyWeatherWatchTests;
				PRODUCT_NAME = "$(TARGET_NAME)";
				SDKROOT = watchos;
				SWIFT_EMIT_LOC_STRINGS = NO;
				SWIFT_VERSION = 5.0;
				TARGETED_DEVICE_FAMILY = 4;
				TEST_HOST = "$(BUILT_PRODUCTS_DIR)/MyWeatherWatch WatchKit Extension.appex/MyWeatherWatch WatchKit Extension";
				WATCHOS_DEPLOYMENT_TARGET = 8.5;
			};
			name = Release;
		};
		771604BC286FB4C900B70BD5 /* Debug */ = {
			isa = XCBuildConfiguration;
			buildSettings = {
				CODE_SIGN_STYLE = Automatic;
				CURRENT_PROJECT_VERSION = 1;
				DEVELOPMENT_TEAM = 78XA6V5NGS;
				GENERATE_INFOPLIST_FILE = YES;
				MARKETING_VERSION = 1.0;
				PRODUCT_BUNDLE_IDENTIFIER = myWeather.MyWeather.MyWeatherWatchUITests;
				PRODUCT_NAME = "$(TARGET_NAME)";
				SDKROOT = watchos;
				SWIFT_EMIT_LOC_STRINGS = NO;
				SWIFT_VERSION = 5.0;
				TARGETED_DEVICE_FAMILY = 4;
				TEST_TARGET_NAME = MyWeatherWatch;
				WATCHOS_DEPLOYMENT_TARGET = 8.5;
			};
			name = Debug;
		};
		771604BD286FB4C900B70BD5 /* Release */ = {
			isa = XCBuildConfiguration;
			buildSettings = {
				CODE_SIGN_STYLE = Automatic;
				CURRENT_PROJECT_VERSION = 1;
				DEVELOPMENT_TEAM = 78XA6V5NGS;
				GENERATE_INFOPLIST_FILE = YES;
				MARKETING_VERSION = 1.0;
				PRODUCT_BUNDLE_IDENTIFIER = myWeather.MyWeather.MyWeatherWatchUITests;
				PRODUCT_NAME = "$(TARGET_NAME)";
				SDKROOT = watchos;
				SWIFT_EMIT_LOC_STRINGS = NO;
				SWIFT_VERSION = 5.0;
				TARGETED_DEVICE_FAMILY = 4;
				TEST_TARGET_NAME = MyWeatherWatch;
				WATCHOS_DEPLOYMENT_TARGET = 8.5;
			};
			name = Release;
		};
		771604D52870E6C500B70BD5 /* Debug */ = {
			isa = XCBuildConfiguration;
			buildSettings = {
				ASSETCATALOG_COMPILER_GLOBAL_ACCENT_COLOR_NAME = AccentColor;
				ASSETCATALOG_COMPILER_WIDGET_BACKGROUND_COLOR_NAME = WidgetBackground;
				CODE_SIGN_STYLE = Automatic;
				CURRENT_PROJECT_VERSION = 1;
				DEVELOPMENT_TEAM = 78XA6V5NGS;
				GENERATE_INFOPLIST_FILE = YES;
				INFOPLIST_FILE = MyWeatherWidget/Info.plist;
				INFOPLIST_KEY_CFBundleDisplayName = MyWeatherWidget;
				INFOPLIST_KEY_NSHumanReadableCopyright = "";
				LD_RUNPATH_SEARCH_PATHS = (
					"$(inherited)",
					"@executable_path/Frameworks",
					"@executable_path/../../Frameworks",
				);
				MARKETING_VERSION = 1.0;
				PRODUCT_BUNDLE_IDENTIFIER = myWeather.MyWeather.MyWeatherWidget;
				PRODUCT_NAME = "$(TARGET_NAME)";
				SKIP_INSTALL = YES;
				SWIFT_EMIT_LOC_STRINGS = YES;
				SWIFT_VERSION = 5.0;
				TARGETED_DEVICE_FAMILY = "1,2";
			};
			name = Debug;
		};
		771604D62870E6C500B70BD5 /* Release */ = {
			isa = XCBuildConfiguration;
			buildSettings = {
				ASSETCATALOG_COMPILER_GLOBAL_ACCENT_COLOR_NAME = AccentColor;
				ASSETCATALOG_COMPILER_WIDGET_BACKGROUND_COLOR_NAME = WidgetBackground;
				CODE_SIGN_STYLE = Automatic;
				CURRENT_PROJECT_VERSION = 1;
				DEVELOPMENT_TEAM = 78XA6V5NGS;
				GENERATE_INFOPLIST_FILE = YES;
				INFOPLIST_FILE = MyWeatherWidget/Info.plist;
				INFOPLIST_KEY_CFBundleDisplayName = MyWeatherWidget;
				INFOPLIST_KEY_NSHumanReadableCopyright = "";
				LD_RUNPATH_SEARCH_PATHS = (
					"$(inherited)",
					"@executable_path/Frameworks",
					"@executable_path/../../Frameworks",
				);
				MARKETING_VERSION = 1.0;
				PRODUCT_BUNDLE_IDENTIFIER = myWeather.MyWeather.MyWeatherWidget;
				PRODUCT_NAME = "$(TARGET_NAME)";
				SKIP_INSTALL = YES;
				SWIFT_EMIT_LOC_STRINGS = YES;
				SWIFT_VERSION = 5.0;
				TARGETED_DEVICE_FAMILY = "1,2";
			};
			name = Release;
		};
		77DEE514286778C500DE5CE3 /* Debug */ = {
			isa = XCBuildConfiguration;
			baseConfigurationReference = 77DEE52728677C2E00DE5CE3 /* Config.xcconfig */;
			buildSettings = {
				ALWAYS_SEARCH_USER_PATHS = NO;
				CLANG_ANALYZER_LOCALIZABILITY_NONLOCALIZED = YES;
				CLANG_ANALYZER_NONNULL = YES;
				CLANG_ANALYZER_NUMBER_OBJECT_CONVERSION = YES_AGGRESSIVE;
				CLANG_CXX_LANGUAGE_STANDARD = "gnu++17";
				CLANG_ENABLE_MODULES = YES;
				CLANG_ENABLE_OBJC_ARC = YES;
				CLANG_ENABLE_OBJC_WEAK = YES;
				CLANG_WARN_BLOCK_CAPTURE_AUTORELEASING = YES;
				CLANG_WARN_BOOL_CONVERSION = YES;
				CLANG_WARN_COMMA = YES;
				CLANG_WARN_CONSTANT_CONVERSION = YES;
				CLANG_WARN_DEPRECATED_OBJC_IMPLEMENTATIONS = YES;
				CLANG_WARN_DIRECT_OBJC_ISA_USAGE = YES_ERROR;
				CLANG_WARN_DOCUMENTATION_COMMENTS = YES;
				CLANG_WARN_EMPTY_BODY = YES;
				CLANG_WARN_ENUM_CONVERSION = YES;
				CLANG_WARN_INFINITE_RECURSION = YES;
				CLANG_WARN_INT_CONVERSION = YES;
				CLANG_WARN_NON_LITERAL_NULL_CONVERSION = YES;
				CLANG_WARN_OBJC_IMPLICIT_RETAIN_SELF = YES;
				CLANG_WARN_OBJC_LITERAL_CONVERSION = YES;
				CLANG_WARN_OBJC_ROOT_CLASS = YES_ERROR;
				CLANG_WARN_QUOTED_INCLUDE_IN_FRAMEWORK_HEADER = YES;
				CLANG_WARN_RANGE_LOOP_ANALYSIS = YES;
				CLANG_WARN_STRICT_PROTOTYPES = YES;
				CLANG_WARN_SUSPICIOUS_MOVE = YES;
				CLANG_WARN_UNGUARDED_AVAILABILITY = YES_AGGRESSIVE;
				CLANG_WARN_UNREACHABLE_CODE = YES;
				CLANG_WARN__DUPLICATE_METHOD_MATCH = YES;
				COPY_PHASE_STRIP = NO;
				DEBUG_INFORMATION_FORMAT = dwarf;
				ENABLE_STRICT_OBJC_MSGSEND = YES;
				ENABLE_TESTABILITY = YES;
				GCC_C_LANGUAGE_STANDARD = gnu11;
				GCC_DYNAMIC_NO_PIC = NO;
				GCC_NO_COMMON_BLOCKS = YES;
				GCC_OPTIMIZATION_LEVEL = 0;
				GCC_PREPROCESSOR_DEFINITIONS = (
					"DEBUG=1",
					"$(inherited)",
				);
				GCC_WARN_64_TO_32_BIT_CONVERSION = YES;
				GCC_WARN_ABOUT_RETURN_TYPE = YES_ERROR;
				GCC_WARN_UNDECLARED_SELECTOR = YES;
				GCC_WARN_UNINITIALIZED_AUTOS = YES_AGGRESSIVE;
				GCC_WARN_UNUSED_FUNCTION = YES;
				GCC_WARN_UNUSED_VARIABLE = YES;
				IPHONEOS_DEPLOYMENT_TARGET = 15.5;
				MTL_ENABLE_DEBUG_INFO = INCLUDE_SOURCE;
				MTL_FAST_MATH = YES;
				ONLY_ACTIVE_ARCH = YES;
				SDKROOT = iphoneos;
				SWIFT_ACTIVE_COMPILATION_CONDITIONS = DEBUG;
				SWIFT_OPTIMIZATION_LEVEL = "-Onone";
			};
			name = Debug;
		};
		77DEE515286778C500DE5CE3 /* Release */ = {
			isa = XCBuildConfiguration;
			baseConfigurationReference = 77DEE52728677C2E00DE5CE3 /* Config.xcconfig */;
			buildSettings = {
				ALWAYS_SEARCH_USER_PATHS = NO;
				CLANG_ANALYZER_LOCALIZABILITY_NONLOCALIZED = YES;
				CLANG_ANALYZER_NONNULL = YES;
				CLANG_ANALYZER_NUMBER_OBJECT_CONVERSION = YES_AGGRESSIVE;
				CLANG_CXX_LANGUAGE_STANDARD = "gnu++17";
				CLANG_ENABLE_MODULES = YES;
				CLANG_ENABLE_OBJC_ARC = YES;
				CLANG_ENABLE_OBJC_WEAK = YES;
				CLANG_WARN_BLOCK_CAPTURE_AUTORELEASING = YES;
				CLANG_WARN_BOOL_CONVERSION = YES;
				CLANG_WARN_COMMA = YES;
				CLANG_WARN_CONSTANT_CONVERSION = YES;
				CLANG_WARN_DEPRECATED_OBJC_IMPLEMENTATIONS = YES;
				CLANG_WARN_DIRECT_OBJC_ISA_USAGE = YES_ERROR;
				CLANG_WARN_DOCUMENTATION_COMMENTS = YES;
				CLANG_WARN_EMPTY_BODY = YES;
				CLANG_WARN_ENUM_CONVERSION = YES;
				CLANG_WARN_INFINITE_RECURSION = YES;
				CLANG_WARN_INT_CONVERSION = YES;
				CLANG_WARN_NON_LITERAL_NULL_CONVERSION = YES;
				CLANG_WARN_OBJC_IMPLICIT_RETAIN_SELF = YES;
				CLANG_WARN_OBJC_LITERAL_CONVERSION = YES;
				CLANG_WARN_OBJC_ROOT_CLASS = YES_ERROR;
				CLANG_WARN_QUOTED_INCLUDE_IN_FRAMEWORK_HEADER = YES;
				CLANG_WARN_RANGE_LOOP_ANALYSIS = YES;
				CLANG_WARN_STRICT_PROTOTYPES = YES;
				CLANG_WARN_SUSPICIOUS_MOVE = YES;
				CLANG_WARN_UNGUARDED_AVAILABILITY = YES_AGGRESSIVE;
				CLANG_WARN_UNREACHABLE_CODE = YES;
				CLANG_WARN__DUPLICATE_METHOD_MATCH = YES;
				COPY_PHASE_STRIP = NO;
				DEBUG_INFORMATION_FORMAT = "dwarf-with-dsym";
				ENABLE_NS_ASSERTIONS = NO;
				ENABLE_STRICT_OBJC_MSGSEND = YES;
				GCC_C_LANGUAGE_STANDARD = gnu11;
				GCC_NO_COMMON_BLOCKS = YES;
				GCC_WARN_64_TO_32_BIT_CONVERSION = YES;
				GCC_WARN_ABOUT_RETURN_TYPE = YES_ERROR;
				GCC_WARN_UNDECLARED_SELECTOR = YES;
				GCC_WARN_UNINITIALIZED_AUTOS = YES_AGGRESSIVE;
				GCC_WARN_UNUSED_FUNCTION = YES;
				GCC_WARN_UNUSED_VARIABLE = YES;
				IPHONEOS_DEPLOYMENT_TARGET = 15.5;
				MTL_ENABLE_DEBUG_INFO = NO;
				MTL_FAST_MATH = YES;
				SDKROOT = iphoneos;
				SWIFT_COMPILATION_MODE = wholemodule;
				SWIFT_OPTIMIZATION_LEVEL = "-O";
				VALIDATE_PRODUCT = YES;
			};
			name = Release;
		};
		77DEE517286778C500DE5CE3 /* Debug */ = {
			isa = XCBuildConfiguration;
			buildSettings = {
				ALWAYS_EMBED_SWIFT_STANDARD_LIBRARIES = YES;
				ASSETCATALOG_COMPILER_APPICON_NAME = AppIcon;
				ASSETCATALOG_COMPILER_GLOBAL_ACCENT_COLOR_NAME = AccentColor;
				CODE_SIGN_STYLE = Automatic;
				CURRENT_PROJECT_VERSION = 1;
				DEVELOPMENT_TEAM = 78XA6V5NGS;
				GENERATE_INFOPLIST_FILE = YES;
				INFOPLIST_FILE = MyWeather/Info.plist;
				INFOPLIST_KEY_NSLocationAlwaysAndWhenInUseUsageDescription = "";
				INFOPLIST_KEY_NSLocationWhenInUseUsageDescription = "";
				INFOPLIST_KEY_UIApplicationSupportsIndirectInputEvents = YES;
				INFOPLIST_KEY_UILaunchStoryboardName = LaunchScreen;
				INFOPLIST_KEY_UISupportedInterfaceOrientations = "";
				INFOPLIST_KEY_UISupportedInterfaceOrientations_iPad = "UIInterfaceOrientationPortrait UIInterfaceOrientationPortraitUpsideDown UIInterfaceOrientationLandscapeLeft UIInterfaceOrientationLandscapeRight";
				INFOPLIST_KEY_UISupportedInterfaceOrientations_iPhone = UIInterfaceOrientationPortrait;
				LD_RUNPATH_SEARCH_PATHS = (
					"$(inherited)",
					"@executable_path/Frameworks",
				);
				MARKETING_VERSION = 1.0;
				PRODUCT_BUNDLE_IDENTIFIER = myWeather.MyWeather;
				PRODUCT_NAME = "$(TARGET_NAME)";
				SWIFT_EMIT_LOC_STRINGS = YES;
				SWIFT_VERSION = 5.0;
				TARGETED_DEVICE_FAMILY = "1,2";
			};
			name = Debug;
		};
		77DEE518286778C500DE5CE3 /* Release */ = {
			isa = XCBuildConfiguration;
			buildSettings = {
				ALWAYS_EMBED_SWIFT_STANDARD_LIBRARIES = YES;
				ASSETCATALOG_COMPILER_APPICON_NAME = AppIcon;
				ASSETCATALOG_COMPILER_GLOBAL_ACCENT_COLOR_NAME = AccentColor;
				CODE_SIGN_STYLE = Automatic;
				CURRENT_PROJECT_VERSION = 1;
				DEVELOPMENT_TEAM = 78XA6V5NGS;
				GENERATE_INFOPLIST_FILE = YES;
				INFOPLIST_FILE = MyWeather/Info.plist;
				INFOPLIST_KEY_NSLocationAlwaysAndWhenInUseUsageDescription = "";
				INFOPLIST_KEY_NSLocationWhenInUseUsageDescription = "";
				INFOPLIST_KEY_UIApplicationSupportsIndirectInputEvents = YES;
				INFOPLIST_KEY_UILaunchStoryboardName = LaunchScreen;
				INFOPLIST_KEY_UISupportedInterfaceOrientations = "";
				INFOPLIST_KEY_UISupportedInterfaceOrientations_iPad = "UIInterfaceOrientationPortrait UIInterfaceOrientationPortraitUpsideDown UIInterfaceOrientationLandscapeLeft UIInterfaceOrientationLandscapeRight";
				INFOPLIST_KEY_UISupportedInterfaceOrientations_iPhone = UIInterfaceOrientationPortrait;
				LD_RUNPATH_SEARCH_PATHS = (
					"$(inherited)",
					"@executable_path/Frameworks",
				);
				MARKETING_VERSION = 1.0;
				PRODUCT_BUNDLE_IDENTIFIER = myWeather.MyWeather;
				PRODUCT_NAME = "$(TARGET_NAME)";
				SWIFT_EMIT_LOC_STRINGS = YES;
				SWIFT_VERSION = 5.0;
				TARGETED_DEVICE_FAMILY = "1,2";
			};
			name = Release;
		};
		77DEE51A286778C500DE5CE3 /* Debug */ = {
			isa = XCBuildConfiguration;
			buildSettings = {
				ALWAYS_EMBED_SWIFT_STANDARD_LIBRARIES = YES;
				BUNDLE_LOADER = "$(TEST_HOST)";
				CODE_SIGN_STYLE = Automatic;
				CURRENT_PROJECT_VERSION = 1;
				DEVELOPMENT_TEAM = 78XA6V5NGS;
				GENERATE_INFOPLIST_FILE = YES;
				IPHONEOS_DEPLOYMENT_TARGET = 15.5;
				MARKETING_VERSION = 1.0;
				PRODUCT_BUNDLE_IDENTIFIER = myWeather.MyWeatherTests;
				PRODUCT_NAME = "$(TARGET_NAME)";
				SWIFT_EMIT_LOC_STRINGS = NO;
				SWIFT_VERSION = 5.0;
				TARGETED_DEVICE_FAMILY = "1,2";
				TEST_HOST = "$(BUILT_PRODUCTS_DIR)/MyWeather.app/MyWeather";
			};
			name = Debug;
		};
		77DEE51B286778C500DE5CE3 /* Release */ = {
			isa = XCBuildConfiguration;
			buildSettings = {
				ALWAYS_EMBED_SWIFT_STANDARD_LIBRARIES = YES;
				BUNDLE_LOADER = "$(TEST_HOST)";
				CODE_SIGN_STYLE = Automatic;
				CURRENT_PROJECT_VERSION = 1;
				DEVELOPMENT_TEAM = 78XA6V5NGS;
				GENERATE_INFOPLIST_FILE = YES;
				IPHONEOS_DEPLOYMENT_TARGET = 15.5;
				MARKETING_VERSION = 1.0;
				PRODUCT_BUNDLE_IDENTIFIER = myWeather.MyWeatherTests;
				PRODUCT_NAME = "$(TARGET_NAME)";
				SWIFT_EMIT_LOC_STRINGS = NO;
				SWIFT_VERSION = 5.0;
				TARGETED_DEVICE_FAMILY = "1,2";
				TEST_HOST = "$(BUILT_PRODUCTS_DIR)/MyWeather.app/MyWeather";
			};
			name = Release;
		};
		77DEE51D286778C500DE5CE3 /* Debug */ = {
			isa = XCBuildConfiguration;
			buildSettings = {
				ALWAYS_EMBED_SWIFT_STANDARD_LIBRARIES = YES;
				CODE_SIGN_STYLE = Automatic;
				CURRENT_PROJECT_VERSION = 1;
				DEVELOPMENT_TEAM = 78XA6V5NGS;
				GENERATE_INFOPLIST_FILE = YES;
				MARKETING_VERSION = 1.0;
				PRODUCT_BUNDLE_IDENTIFIER = myWeather.MyWeatherUITests;
				PRODUCT_NAME = "$(TARGET_NAME)";
				SWIFT_EMIT_LOC_STRINGS = NO;
				SWIFT_VERSION = 5.0;
				TARGETED_DEVICE_FAMILY = "1,2";
				TEST_TARGET_NAME = MyWeather;
			};
			name = Debug;
		};
		77DEE51E286778C500DE5CE3 /* Release */ = {
			isa = XCBuildConfiguration;
			buildSettings = {
				ALWAYS_EMBED_SWIFT_STANDARD_LIBRARIES = YES;
				CODE_SIGN_STYLE = Automatic;
				CURRENT_PROJECT_VERSION = 1;
				DEVELOPMENT_TEAM = 78XA6V5NGS;
				GENERATE_INFOPLIST_FILE = YES;
				MARKETING_VERSION = 1.0;
				PRODUCT_BUNDLE_IDENTIFIER = myWeather.MyWeatherUITests;
				PRODUCT_NAME = "$(TARGET_NAME)";
				SWIFT_EMIT_LOC_STRINGS = NO;
				SWIFT_VERSION = 5.0;
				TARGETED_DEVICE_FAMILY = "1,2";
				TEST_TARGET_NAME = MyWeather;
			};
			name = Release;
		};
/* End XCBuildConfiguration section */

/* Begin XCConfigurationList section */
		771604B0286FB4C900B70BD5 /* Build configuration list for PBXNativeTarget "MyWeatherWatch WatchKit Extension" */ = {
			isa = XCConfigurationList;
			buildConfigurations = (
				771604B1286FB4C900B70BD5 /* Debug */,
				771604B2286FB4C900B70BD5 /* Release */,
			);
			defaultConfigurationIsVisible = 0;
			defaultConfigurationName = Release;
		};
		771604B4286FB4C900B70BD5 /* Build configuration list for PBXNativeTarget "MyWeatherWatch" */ = {
			isa = XCConfigurationList;
			buildConfigurations = (
				771604B5286FB4C900B70BD5 /* Debug */,
				771604B6286FB4C900B70BD5 /* Release */,
			);
			defaultConfigurationIsVisible = 0;
			defaultConfigurationName = Release;
		};
		771604B8286FB4C900B70BD5 /* Build configuration list for PBXNativeTarget "MyWeatherWatchTests" */ = {
			isa = XCConfigurationList;
			buildConfigurations = (
				771604B9286FB4C900B70BD5 /* Debug */,
				771604BA286FB4C900B70BD5 /* Release */,
			);
			defaultConfigurationIsVisible = 0;
			defaultConfigurationName = Release;
		};
		771604BB286FB4C900B70BD5 /* Build configuration list for PBXNativeTarget "MyWeatherWatchUITests" */ = {
			isa = XCConfigurationList;
			buildConfigurations = (
				771604BC286FB4C900B70BD5 /* Debug */,
				771604BD286FB4C900B70BD5 /* Release */,
			);
			defaultConfigurationIsVisible = 0;
			defaultConfigurationName = Release;
		};
		771604D42870E6C500B70BD5 /* Build configuration list for PBXNativeTarget "MyWeatherWidgetExtension" */ = {
			isa = XCConfigurationList;
			buildConfigurations = (
				771604D52870E6C500B70BD5 /* Debug */,
				771604D62870E6C500B70BD5 /* Release */,
			);
			defaultConfigurationIsVisible = 0;
			defaultConfigurationName = Release;
		};
		77DEE4E7286778C400DE5CE3 /* Build configuration list for PBXProject "MyWeather" */ = {
			isa = XCConfigurationList;
			buildConfigurations = (
				77DEE514286778C500DE5CE3 /* Debug */,
				77DEE515286778C500DE5CE3 /* Release */,
			);
			defaultConfigurationIsVisible = 0;
			defaultConfigurationName = Release;
		};
		77DEE516286778C500DE5CE3 /* Build configuration list for PBXNativeTarget "MyWeather" */ = {
			isa = XCConfigurationList;
			buildConfigurations = (
				77DEE517286778C500DE5CE3 /* Debug */,
				77DEE518286778C500DE5CE3 /* Release */,
			);
			defaultConfigurationIsVisible = 0;
			defaultConfigurationName = Release;
		};
		77DEE519286778C500DE5CE3 /* Build configuration list for PBXNativeTarget "MyWeatherTests" */ = {
			isa = XCConfigurationList;
			buildConfigurations = (
				77DEE51A286778C500DE5CE3 /* Debug */,
				77DEE51B286778C500DE5CE3 /* Release */,
			);
			defaultConfigurationIsVisible = 0;
			defaultConfigurationName = Release;
		};
		77DEE51C286778C500DE5CE3 /* Build configuration list for PBXNativeTarget "MyWeatherUITests" */ = {
			isa = XCConfigurationList;
			buildConfigurations = (
				77DEE51D286778C500DE5CE3 /* Debug */,
				77DEE51E286778C500DE5CE3 /* Release */,
			);
			defaultConfigurationIsVisible = 0;
			defaultConfigurationName = Release;
		};
/* End XCConfigurationList section */

/* Begin XCRemoteSwiftPackageReference section */
		77DEE52228677B1100DE5CE3 /* XCRemoteSwiftPackageReference "Alamofire" */ = {
			isa = XCRemoteSwiftPackageReference;
			repositoryURL = "https://github.com/Alamofire/Alamofire";
			requirement = {
				kind = upToNextMajorVersion;
				minimumVersion = 5.0.0;
			};
		};
		77DEE52A2867B2A500DE5CE3 /* XCRemoteSwiftPackageReference "TinyConstraints" */ = {
			isa = XCRemoteSwiftPackageReference;
			repositoryURL = "https://github.com/roberthein/TinyConstraints";
			requirement = {
				kind = upToNextMajorVersion;
				minimumVersion = 4.0.0;
			};
		};
/* End XCRemoteSwiftPackageReference section */

/* Begin XCSwiftPackageProductDependency section */
		77DEE52328677B1100DE5CE3 /* Alamofire */ = {
			isa = XCSwiftPackageProductDependency;
			package = 77DEE52228677B1100DE5CE3 /* XCRemoteSwiftPackageReference "Alamofire" */;
			productName = Alamofire;
		};
		77DEE52B2867B2A500DE5CE3 /* TinyConstraints */ = {
			isa = XCSwiftPackageProductDependency;
			package = 77DEE52A2867B2A500DE5CE3 /* XCRemoteSwiftPackageReference "TinyConstraints" */;
			productName = TinyConstraints;
		};
/* End XCSwiftPackageProductDependency section */

/* Begin XCVersionGroup section */
		7742BFB7286D3EB5008097C6 /* Model.xcdatamodeld */ = {
			isa = XCVersionGroup;
			children = (
				7742BFB8286D3EB5008097C6 /* Model.xcdatamodel */,
			);
			currentVersion = 7742BFB8286D3EB5008097C6 /* Model.xcdatamodel */;
			path = Model.xcdatamodeld;
			sourceTree = "<group>";
			versionGroupType = wrapper.xcdatamodel;
		};
/* End XCVersionGroup section */
	};
	rootObject = 77DEE4E4286778C400DE5CE3 /* Project object */;
}
